
Microsoft Visual Studio Solution File, Format Version 12.00
# Visual Studio Version 17
VisualStudioVersion = 17.12.35527.113
MinimumVisualStudioVersion = 10.0.40219.1
Project("{8BC9CEB8-8B4A-11D0-8D11-00A0C91BC942}") = "CodingTest", "CodingTest.vcxproj", "{9C28EF4E-6804-499D-A4C3-567EC6951081}"
EndProject
Project("{8BC9CEB8-8B4A-11D0-8D11-00A0C91BC942}") = "001", "..\001\001.vcxproj", "{76CF330D-232A-4A81-8949-D445E8D2C690}"
EndProject
Project("{8BC9CEB8-8B4A-11D0-8D11-00A0C91BC942}") = "002", "..\002\002.vcxproj", "{1614C34F-A932-4D29-B819-9898321FA30D}"
EndProject
Project("{8BC9CEB8-8B4A-11D0-8D11-00A0C91BC942}") = "003", "..\003\003.vcxproj", "{E854AF3E-8C2D-45A5-948E-7E871180A852}"
EndProject
Project("{8BC9CEB8-8B4A-11D0-8D11-00A0C91BC942}") = "004", "..\004\004.vcxproj", "{A86C63D2-4DF1-4402-A680-2C8551FCAF74}"
EndProject
Project("{8BC9CEB8-8B4A-11D0-8D11-00A0C91BC942}") = "005", "..\005\005.vcxproj", "{534B2A58-5DD0-44BC-99BB-3A7DCE88DB82}"
EndProject
Project("{8BC9CEB8-8B4A-11D0-8D11-00A0C91BC942}") = "006", "..\006\006.vcxproj", "{86DDA097-C66D-4507-82EC-EDD180F4DBD3}"
EndProject
Project("{8BC9CEB8-8B4A-11D0-8D11-00A0C91BC942}") = "007", "..\007\007.vcxproj", "{D644E0DA-AA41-4D1B-8D64-EFF3D4D44447}"
EndProject
Project("{8BC9CEB8-8B4A-11D0-8D11-00A0C91BC942}") = "008", "..\008\008.vcxproj", "{3C63F23B-2E94-443E-91E2-47B39BA6A7FC}"
EndProject
Project("{8BC9CEB8-8B4A-11D0-8D11-00A0C91BC942}") = "009", "..\009\009.vcxproj", "{229ACF2F-4DCE-44CB-B6F5-01C69C0C6E72}"
EndProject
Project("{8BC9CEB8-8B4A-11D0-8D11-00A0C91BC942}") = "010", "..\010\010.vcxproj", "{B8728A60-059C-4078-ACB5-A893F4D6E0F8}"
EndProject
Project("{8BC9CEB8-8B4A-11D0-8D11-00A0C91BC942}") = "011", "..\011\011.vcxproj", "{4A1FBFC7-4BDF-41F6-ADA7-4B6790C54BFE}"
EndProject
Project("{8BC9CEB8-8B4A-11D0-8D11-00A0C91BC942}") = "012", "..\012\012.vcxproj", "{48065DCE-7388-48A6-86A8-3B34B025A9FA}"
EndProject
Project("{8BC9CEB8-8B4A-11D0-8D11-00A0C91BC942}") = "013", "..\013\013.vcxproj", "{B9A992D4-0ED7-4797-80F9-02CFA86465E9}"
EndProject
Project("{8BC9CEB8-8B4A-11D0-8D11-00A0C91BC942}") = "014", "..\014\014.vcxproj", "{0492E7DA-D8CE-4B6E-AE3B-9ACA231D1298}"
EndProject
Project("{8BC9CEB8-8B4A-11D0-8D11-00A0C91BC942}") = "015", "..\015\015.vcxproj", "{93029589-ADB0-4F2D-A974-55C34E47424B}"
EndProject
Project("{8BC9CEB8-8B4A-11D0-8D11-00A0C91BC942}") = "016", "..\016\016.vcxproj", "{EED85DDF-DCE5-4E99-B0E4-E8C77B56FC8C}"
EndProject
Project("{8BC9CEB8-8B4A-11D0-8D11-00A0C91BC942}") = "017", "..\017\017.vcxproj", "{14DB2FDA-140A-4581-9AD9-9E6339C73E90}"
EndProject
Project("{8BC9CEB8-8B4A-11D0-8D11-00A0C91BC942}") = "018", "..\018\018.vcxproj", "{AACAEF00-5AC8-411C-AE2D-D1FAB4683969}"
EndProject
Project("{8BC9CEB8-8B4A-11D0-8D11-00A0C91BC942}") = "019", "..\019\019.vcxproj", "{6D9DD213-A6D9-44B1-895C-BA115E165CA6}"
EndProject
Project("{8BC9CEB8-8B4A-11D0-8D11-00A0C91BC942}") = "020", "..\020\020.vcxproj", "{C64BDBB1-B0C8-41BF-BF97-FD828554604F}"
EndProject
Project("{8BC9CEB8-8B4A-11D0-8D11-00A0C91BC942}") = "021", "..\021\021.vcxproj", "{6BB5F7CB-8745-46E4-BDD5-DB15C8EB179D}"
EndProject
Project("{8BC9CEB8-8B4A-11D0-8D11-00A0C91BC942}") = "022", "..\022\022.vcxproj", "{CC89BC26-0658-4E8D-BD7A-EBCFB3924DD7}"
EndProject
Project("{8BC9CEB8-8B4A-11D0-8D11-00A0C91BC942}") = "023", "..\023\023.vcxproj", "{3D1F65A1-F615-4567-AA9B-D544E8B43405}"
EndProject
Project("{8BC9CEB8-8B4A-11D0-8D11-00A0C91BC942}") = "024", "..\024\024.vcxproj", "{EA687490-565E-4101-A0AA-59CA3C09B874}"
EndProject
Project("{8BC9CEB8-8B4A-11D0-8D11-00A0C91BC942}") = "025", "..\025\025.vcxproj", "{39681B1A-D7CE-49DC-97F6-741166338D66}"
EndProject
Project("{8BC9CEB8-8B4A-11D0-8D11-00A0C91BC942}") = "026", "..\026\026.vcxproj", "{8CF034C8-D4AF-4D7C-ADEB-D5FDEEE7D6F1}"
EndProject
Project("{8BC9CEB8-8B4A-11D0-8D11-00A0C91BC942}") = "027", "..\027\027.vcxproj", "{D8595B7A-1DDF-482E-BA35-749089446484}"
EndProject
Project("{8BC9CEB8-8B4A-11D0-8D11-00A0C91BC942}") = "028", "..\028\028.vcxproj", "{90A272C0-1360-42FF-8CC7-30A39DD11DDF}"
EndProject
Project("{8BC9CEB8-8B4A-11D0-8D11-00A0C91BC942}") = "029", "..\029\029.vcxproj", "{096B7B63-EB89-4CE3-B874-C0FE452746B8}"
EndProject
Project("{8BC9CEB8-8B4A-11D0-8D11-00A0C91BC942}") = "030", "..\030\030.vcxproj", "{EE007B77-2AC0-49EB-A739-57CA39A5FA09}"
EndProject
Project("{8BC9CEB8-8B4A-11D0-8D11-00A0C91BC942}") = "031", "..\031\031.vcxproj", "{87B08ED8-353C-4854-A087-CCADDF609C69}"
EndProject
Project("{8BC9CEB8-8B4A-11D0-8D11-00A0C91BC942}") = "032", "..\032\032.vcxproj", "{22F8DE8A-4DEF-4923-8729-DD90B80B3D1B}"
EndProject
Project("{8BC9CEB8-8B4A-11D0-8D11-00A0C91BC942}") = "033", "..\033\033.vcxproj", "{34D18DC1-E168-4D65-B8D5-1C6D6CA460AD}"
EndProject
Global
	GlobalSection(SolutionConfigurationPlatforms) = preSolution
		Debug|x64 = Debug|x64
		Debug|x86 = Debug|x86
		Release|x64 = Release|x64
		Release|x86 = Release|x86
	EndGlobalSection
	GlobalSection(ProjectConfigurationPlatforms) = postSolution
		{9C28EF4E-6804-499D-A4C3-567EC6951081}.Debug|x64.ActiveCfg = Debug|x64
		{9C28EF4E-6804-499D-A4C3-567EC6951081}.Debug|x64.Build.0 = Debug|x64
		{9C28EF4E-6804-499D-A4C3-567EC6951081}.Debug|x86.ActiveCfg = Debug|Win32
		{9C28EF4E-6804-499D-A4C3-567EC6951081}.Debug|x86.Build.0 = Debug|Win32
		{9C28EF4E-6804-499D-A4C3-567EC6951081}.Release|x64.ActiveCfg = Release|x64
		{9C28EF4E-6804-499D-A4C3-567EC6951081}.Release|x64.Build.0 = Release|x64
		{9C28EF4E-6804-499D-A4C3-567EC6951081}.Release|x86.ActiveCfg = Release|Win32
		{9C28EF4E-6804-499D-A4C3-567EC6951081}.Release|x86.Build.0 = Release|Win32
		{76CF330D-232A-4A81-8949-D445E8D2C690}.Debug|x64.ActiveCfg = Debug|x64
		{76CF330D-232A-4A81-8949-D445E8D2C690}.Debug|x64.Build.0 = Debug|x64
		{76CF330D-232A-4A81-8949-D445E8D2C690}.Debug|x86.ActiveCfg = Debug|Win32
		{76CF330D-232A-4A81-8949-D445E8D2C690}.Debug|x86.Build.0 = Debug|Win32
		{76CF330D-232A-4A81-8949-D445E8D2C690}.Release|x64.ActiveCfg = Release|x64
		{76CF330D-232A-4A81-8949-D445E8D2C690}.Release|x64.Build.0 = Release|x64
		{76CF330D-232A-4A81-8949-D445E8D2C690}.Release|x86.ActiveCfg = Release|Win32
		{76CF330D-232A-4A81-8949-D445E8D2C690}.Release|x86.Build.0 = Release|Win32
		{1614C34F-A932-4D29-B819-9898321FA30D}.Debug|x64.ActiveCfg = Debug|x64
		{1614C34F-A932-4D29-B819-9898321FA30D}.Debug|x64.Build.0 = Debug|x64
		{1614C34F-A932-4D29-B819-9898321FA30D}.Debug|x86.ActiveCfg = Debug|Win32
		{1614C34F-A932-4D29-B819-9898321FA30D}.Debug|x86.Build.0 = Debug|Win32
		{1614C34F-A932-4D29-B819-9898321FA30D}.Release|x64.ActiveCfg = Release|x64
		{1614C34F-A932-4D29-B819-9898321FA30D}.Release|x64.Build.0 = Release|x64
		{1614C34F-A932-4D29-B819-9898321FA30D}.Release|x86.ActiveCfg = Release|Win32
		{1614C34F-A932-4D29-B819-9898321FA30D}.Release|x86.Build.0 = Release|Win32
		{E854AF3E-8C2D-45A5-948E-7E871180A852}.Debug|x64.ActiveCfg = Debug|x64
		{E854AF3E-8C2D-45A5-948E-7E871180A852}.Debug|x64.Build.0 = Debug|x64
		{E854AF3E-8C2D-45A5-948E-7E871180A852}.Debug|x86.ActiveCfg = Debug|Win32
		{E854AF3E-8C2D-45A5-948E-7E871180A852}.Debug|x86.Build.0 = Debug|Win32
		{E854AF3E-8C2D-45A5-948E-7E871180A852}.Release|x64.ActiveCfg = Release|x64
		{E854AF3E-8C2D-45A5-948E-7E871180A852}.Release|x64.Build.0 = Release|x64
		{E854AF3E-8C2D-45A5-948E-7E871180A852}.Release|x86.ActiveCfg = Release|Win32
		{E854AF3E-8C2D-45A5-948E-7E871180A852}.Release|x86.Build.0 = Release|Win32
		{A86C63D2-4DF1-4402-A680-2C8551FCAF74}.Debug|x64.ActiveCfg = Debug|x64
		{A86C63D2-4DF1-4402-A680-2C8551FCAF74}.Debug|x64.Build.0 = Debug|x64
		{A86C63D2-4DF1-4402-A680-2C8551FCAF74}.Debug|x86.ActiveCfg = Debug|Win32
		{A86C63D2-4DF1-4402-A680-2C8551FCAF74}.Debug|x86.Build.0 = Debug|Win32
		{A86C63D2-4DF1-4402-A680-2C8551FCAF74}.Release|x64.ActiveCfg = Release|x64
		{A86C63D2-4DF1-4402-A680-2C8551FCAF74}.Release|x64.Build.0 = Release|x64
		{A86C63D2-4DF1-4402-A680-2C8551FCAF74}.Release|x86.ActiveCfg = Release|Win32
		{A86C63D2-4DF1-4402-A680-2C8551FCAF74}.Release|x86.Build.0 = Release|Win32
		{534B2A58-5DD0-44BC-99BB-3A7DCE88DB82}.Debug|x64.ActiveCfg = Debug|x64
		{534B2A58-5DD0-44BC-99BB-3A7DCE88DB82}.Debug|x64.Build.0 = Debug|x64
		{534B2A58-5DD0-44BC-99BB-3A7DCE88DB82}.Debug|x86.ActiveCfg = Debug|Win32
		{534B2A58-5DD0-44BC-99BB-3A7DCE88DB82}.Debug|x86.Build.0 = Debug|Win32
		{534B2A58-5DD0-44BC-99BB-3A7DCE88DB82}.Release|x64.ActiveCfg = Release|x64
		{534B2A58-5DD0-44BC-99BB-3A7DCE88DB82}.Release|x64.Build.0 = Release|x64
		{534B2A58-5DD0-44BC-99BB-3A7DCE88DB82}.Release|x86.ActiveCfg = Release|Win32
		{534B2A58-5DD0-44BC-99BB-3A7DCE88DB82}.Release|x86.Build.0 = Release|Win32
		{86DDA097-C66D-4507-82EC-EDD180F4DBD3}.Debug|x64.ActiveCfg = Debug|x64
		{86DDA097-C66D-4507-82EC-EDD180F4DBD3}.Debug|x64.Build.0 = Debug|x64
		{86DDA097-C66D-4507-82EC-EDD180F4DBD3}.Debug|x86.ActiveCfg = Debug|Win32
		{86DDA097-C66D-4507-82EC-EDD180F4DBD3}.Debug|x86.Build.0 = Debug|Win32
		{86DDA097-C66D-4507-82EC-EDD180F4DBD3}.Release|x64.ActiveCfg = Release|x64
		{86DDA097-C66D-4507-82EC-EDD180F4DBD3}.Release|x64.Build.0 = Release|x64
		{86DDA097-C66D-4507-82EC-EDD180F4DBD3}.Release|x86.ActiveCfg = Release|Win32
		{86DDA097-C66D-4507-82EC-EDD180F4DBD3}.Release|x86.Build.0 = Release|Win32
		{D644E0DA-AA41-4D1B-8D64-EFF3D4D44447}.Debug|x64.ActiveCfg = Debug|x64
		{D644E0DA-AA41-4D1B-8D64-EFF3D4D44447}.Debug|x64.Build.0 = Debug|x64
		{D644E0DA-AA41-4D1B-8D64-EFF3D4D44447}.Debug|x86.ActiveCfg = Debug|Win32
		{D644E0DA-AA41-4D1B-8D64-EFF3D4D44447}.Debug|x86.Build.0 = Debug|Win32
		{D644E0DA-AA41-4D1B-8D64-EFF3D4D44447}.Release|x64.ActiveCfg = Release|x64
		{D644E0DA-AA41-4D1B-8D64-EFF3D4D44447}.Release|x64.Build.0 = Release|x64
		{D644E0DA-AA41-4D1B-8D64-EFF3D4D44447}.Release|x86.ActiveCfg = Release|Win32
		{D644E0DA-AA41-4D1B-8D64-EFF3D4D44447}.Release|x86.Build.0 = Release|Win32
		{3C63F23B-2E94-443E-91E2-47B39BA6A7FC}.Debug|x64.ActiveCfg = Debug|x64
		{3C63F23B-2E94-443E-91E2-47B39BA6A7FC}.Debug|x64.Build.0 = Debug|x64
		{3C63F23B-2E94-443E-91E2-47B39BA6A7FC}.Debug|x86.ActiveCfg = Debug|Win32
		{3C63F23B-2E94-443E-91E2-47B39BA6A7FC}.Debug|x86.Build.0 = Debug|Win32
		{3C63F23B-2E94-443E-91E2-47B39BA6A7FC}.Release|x64.ActiveCfg = Release|x64
		{3C63F23B-2E94-443E-91E2-47B39BA6A7FC}.Release|x64.Build.0 = Release|x64
		{3C63F23B-2E94-443E-91E2-47B39BA6A7FC}.Release|x86.ActiveCfg = Release|Win32
		{3C63F23B-2E94-443E-91E2-47B39BA6A7FC}.Release|x86.Build.0 = Release|Win32
		{229ACF2F-4DCE-44CB-B6F5-01C69C0C6E72}.Debug|x64.ActiveCfg = Debug|x64
		{229ACF2F-4DCE-44CB-B6F5-01C69C0C6E72}.Debug|x64.Build.0 = Debug|x64
		{229ACF2F-4DCE-44CB-B6F5-01C69C0C6E72}.Debug|x86.ActiveCfg = Debug|Win32
		{229ACF2F-4DCE-44CB-B6F5-01C69C0C6E72}.Debug|x86.Build.0 = Debug|Win32
		{229ACF2F-4DCE-44CB-B6F5-01C69C0C6E72}.Release|x64.ActiveCfg = Release|x64
		{229ACF2F-4DCE-44CB-B6F5-01C69C0C6E72}.Release|x64.Build.0 = Release|x64
		{229ACF2F-4DCE-44CB-B6F5-01C69C0C6E72}.Release|x86.ActiveCfg = Release|Win32
		{229ACF2F-4DCE-44CB-B6F5-01C69C0C6E72}.Release|x86.Build.0 = Release|Win32
		{B8728A60-059C-4078-ACB5-A893F4D6E0F8}.Debug|x64.ActiveCfg = Debug|x64
		{B8728A60-059C-4078-ACB5-A893F4D6E0F8}.Debug|x64.Build.0 = Debug|x64
		{B8728A60-059C-4078-ACB5-A893F4D6E0F8}.Debug|x86.ActiveCfg = Debug|Win32
		{B8728A60-059C-4078-ACB5-A893F4D6E0F8}.Debug|x86.Build.0 = Debug|Win32
		{B8728A60-059C-4078-ACB5-A893F4D6E0F8}.Release|x64.ActiveCfg = Release|x64
		{B8728A60-059C-4078-ACB5-A893F4D6E0F8}.Release|x64.Build.0 = Release|x64
		{B8728A60-059C-4078-ACB5-A893F4D6E0F8}.Release|x86.ActiveCfg = Release|Win32
		{B8728A60-059C-4078-ACB5-A893F4D6E0F8}.Release|x86.Build.0 = Release|Win32
		{4A1FBFC7-4BDF-41F6-ADA7-4B6790C54BFE}.Debug|x64.ActiveCfg = Debug|x64
		{4A1FBFC7-4BDF-41F6-ADA7-4B6790C54BFE}.Debug|x64.Build.0 = Debug|x64
		{4A1FBFC7-4BDF-41F6-ADA7-4B6790C54BFE}.Debug|x86.ActiveCfg = Debug|Win32
		{4A1FBFC7-4BDF-41F6-ADA7-4B6790C54BFE}.Debug|x86.Build.0 = Debug|Win32
		{4A1FBFC7-4BDF-41F6-ADA7-4B6790C54BFE}.Release|x64.ActiveCfg = Release|x64
		{4A1FBFC7-4BDF-41F6-ADA7-4B6790C54BFE}.Release|x64.Build.0 = Release|x64
		{4A1FBFC7-4BDF-41F6-ADA7-4B6790C54BFE}.Release|x86.ActiveCfg = Release|Win32
		{4A1FBFC7-4BDF-41F6-ADA7-4B6790C54BFE}.Release|x86.Build.0 = Release|Win32
		{48065DCE-7388-48A6-86A8-3B34B025A9FA}.Debug|x64.ActiveCfg = Debug|x64
		{48065DCE-7388-48A6-86A8-3B34B025A9FA}.Debug|x64.Build.0 = Debug|x64
		{48065DCE-7388-48A6-86A8-3B34B025A9FA}.Debug|x86.ActiveCfg = Debug|Win32
		{48065DCE-7388-48A6-86A8-3B34B025A9FA}.Debug|x86.Build.0 = Debug|Win32
		{48065DCE-7388-48A6-86A8-3B34B025A9FA}.Release|x64.ActiveCfg = Release|x64
		{48065DCE-7388-48A6-86A8-3B34B025A9FA}.Release|x64.Build.0 = Release|x64
		{48065DCE-7388-48A6-86A8-3B34B025A9FA}.Release|x86.ActiveCfg = Release|Win32
		{48065DCE-7388-48A6-86A8-3B34B025A9FA}.Release|x86.Build.0 = Release|Win32
		{B9A992D4-0ED7-4797-80F9-02CFA86465E9}.Debug|x64.ActiveCfg = Debug|x64
		{B9A992D4-0ED7-4797-80F9-02CFA86465E9}.Debug|x64.Build.0 = Debug|x64
		{B9A992D4-0ED7-4797-80F9-02CFA86465E9}.Debug|x86.ActiveCfg = Debug|Win32
		{B9A992D4-0ED7-4797-80F9-02CFA86465E9}.Debug|x86.Build.0 = Debug|Win32
		{B9A992D4-0ED7-4797-80F9-02CFA86465E9}.Release|x64.ActiveCfg = Release|x64
		{B9A992D4-0ED7-4797-80F9-02CFA86465E9}.Release|x64.Build.0 = Release|x64
		{B9A992D4-0ED7-4797-80F9-02CFA86465E9}.Release|x86.ActiveCfg = Release|Win32
		{B9A992D4-0ED7-4797-80F9-02CFA86465E9}.Release|x86.Build.0 = Release|Win32
		{0492E7DA-D8CE-4B6E-AE3B-9ACA231D1298}.Debug|x64.ActiveCfg = Debug|x64
		{0492E7DA-D8CE-4B6E-AE3B-9ACA231D1298}.Debug|x64.Build.0 = Debug|x64
		{0492E7DA-D8CE-4B6E-AE3B-9ACA231D1298}.Debug|x86.ActiveCfg = Debug|Win32
		{0492E7DA-D8CE-4B6E-AE3B-9ACA231D1298}.Debug|x86.Build.0 = Debug|Win32
		{0492E7DA-D8CE-4B6E-AE3B-9ACA231D1298}.Release|x64.ActiveCfg = Release|x64
		{0492E7DA-D8CE-4B6E-AE3B-9ACA231D1298}.Release|x64.Build.0 = Release|x64
		{0492E7DA-D8CE-4B6E-AE3B-9ACA231D1298}.Release|x86.ActiveCfg = Release|Win32
		{0492E7DA-D8CE-4B6E-AE3B-9ACA231D1298}.Release|x86.Build.0 = Release|Win32
		{93029589-ADB0-4F2D-A974-55C34E47424B}.Debug|x64.ActiveCfg = Debug|x64
		{93029589-ADB0-4F2D-A974-55C34E47424B}.Debug|x64.Build.0 = Debug|x64
		{93029589-ADB0-4F2D-A974-55C34E47424B}.Debug|x86.ActiveCfg = Debug|Win32
		{93029589-ADB0-4F2D-A974-55C34E47424B}.Debug|x86.Build.0 = Debug|Win32
		{93029589-ADB0-4F2D-A974-55C34E47424B}.Release|x64.ActiveCfg = Release|x64
		{93029589-ADB0-4F2D-A974-55C34E47424B}.Release|x64.Build.0 = Release|x64
		{93029589-ADB0-4F2D-A974-55C34E47424B}.Release|x86.ActiveCfg = Release|Win32
		{93029589-ADB0-4F2D-A974-55C34E47424B}.Release|x86.Build.0 = Release|Win32
		{EED85DDF-DCE5-4E99-B0E4-E8C77B56FC8C}.Debug|x64.ActiveCfg = Debug|x64
		{EED85DDF-DCE5-4E99-B0E4-E8C77B56FC8C}.Debug|x64.Build.0 = Debug|x64
		{EED85DDF-DCE5-4E99-B0E4-E8C77B56FC8C}.Debug|x86.ActiveCfg = Debug|Win32
		{EED85DDF-DCE5-4E99-B0E4-E8C77B56FC8C}.Debug|x86.Build.0 = Debug|Win32
		{EED85DDF-DCE5-4E99-B0E4-E8C77B56FC8C}.Release|x64.ActiveCfg = Release|x64
		{EED85DDF-DCE5-4E99-B0E4-E8C77B56FC8C}.Release|x64.Build.0 = Release|x64
		{EED85DDF-DCE5-4E99-B0E4-E8C77B56FC8C}.Release|x86.ActiveCfg = Release|Win32
		{EED85DDF-DCE5-4E99-B0E4-E8C77B56FC8C}.Release|x86.Build.0 = Release|Win32
		{14DB2FDA-140A-4581-9AD9-9E6339C73E90}.Debug|x64.ActiveCfg = Debug|x64
		{14DB2FDA-140A-4581-9AD9-9E6339C73E90}.Debug|x64.Build.0 = Debug|x64
		{14DB2FDA-140A-4581-9AD9-9E6339C73E90}.Debug|x86.ActiveCfg = Debug|Win32
		{14DB2FDA-140A-4581-9AD9-9E6339C73E90}.Debug|x86.Build.0 = Debug|Win32
		{14DB2FDA-140A-4581-9AD9-9E6339C73E90}.Release|x64.ActiveCfg = Release|x64
		{14DB2FDA-140A-4581-9AD9-9E6339C73E90}.Release|x64.Build.0 = Release|x64
		{14DB2FDA-140A-4581-9AD9-9E6339C73E90}.Release|x86.ActiveCfg = Release|Win32
		{14DB2FDA-140A-4581-9AD9-9E6339C73E90}.Release|x86.Build.0 = Release|Win32
		{AACAEF00-5AC8-411C-AE2D-D1FAB4683969}.Debug|x64.ActiveCfg = Debug|x64
		{AACAEF00-5AC8-411C-AE2D-D1FAB4683969}.Debug|x64.Build.0 = Debug|x64
		{AACAEF00-5AC8-411C-AE2D-D1FAB4683969}.Debug|x86.ActiveCfg = Debug|Win32
		{AACAEF00-5AC8-411C-AE2D-D1FAB4683969}.Debug|x86.Build.0 = Debug|Win32
		{AACAEF00-5AC8-411C-AE2D-D1FAB4683969}.Release|x64.ActiveCfg = Release|x64
		{AACAEF00-5AC8-411C-AE2D-D1FAB4683969}.Release|x64.Build.0 = Release|x64
		{AACAEF00-5AC8-411C-AE2D-D1FAB4683969}.Release|x86.ActiveCfg = Release|Win32
		{AACAEF00-5AC8-411C-AE2D-D1FAB4683969}.Release|x86.Build.0 = Release|Win32
		{6D9DD213-A6D9-44B1-895C-BA115E165CA6}.Debug|x64.ActiveCfg = Debug|x64
		{6D9DD213-A6D9-44B1-895C-BA115E165CA6}.Debug|x64.Build.0 = Debug|x64
		{6D9DD213-A6D9-44B1-895C-BA115E165CA6}.Debug|x86.ActiveCfg = Debug|Win32
		{6D9DD213-A6D9-44B1-895C-BA115E165CA6}.Debug|x86.Build.0 = Debug|Win32
		{6D9DD213-A6D9-44B1-895C-BA115E165CA6}.Release|x64.ActiveCfg = Release|x64
		{6D9DD213-A6D9-44B1-895C-BA115E165CA6}.Release|x64.Build.0 = Release|x64
		{6D9DD213-A6D9-44B1-895C-BA115E165CA6}.Release|x86.ActiveCfg = Release|Win32
		{6D9DD213-A6D9-44B1-895C-BA115E165CA6}.Release|x86.Build.0 = Release|Win32
		{C64BDBB1-B0C8-41BF-BF97-FD828554604F}.Debug|x64.ActiveCfg = Debug|x64
		{C64BDBB1-B0C8-41BF-BF97-FD828554604F}.Debug|x64.Build.0 = Debug|x64
		{C64BDBB1-B0C8-41BF-BF97-FD828554604F}.Debug|x86.ActiveCfg = Debug|Win32
		{C64BDBB1-B0C8-41BF-BF97-FD828554604F}.Debug|x86.Build.0 = Debug|Win32
		{C64BDBB1-B0C8-41BF-BF97-FD828554604F}.Release|x64.ActiveCfg = Release|x64
		{C64BDBB1-B0C8-41BF-BF97-FD828554604F}.Release|x64.Build.0 = Release|x64
		{C64BDBB1-B0C8-41BF-BF97-FD828554604F}.Release|x86.ActiveCfg = Release|Win32
		{C64BDBB1-B0C8-41BF-BF97-FD828554604F}.Release|x86.Build.0 = Release|Win32
		{6BB5F7CB-8745-46E4-BDD5-DB15C8EB179D}.Debug|x64.ActiveCfg = Debug|x64
		{6BB5F7CB-8745-46E4-BDD5-DB15C8EB179D}.Debug|x64.Build.0 = Debug|x64
		{6BB5F7CB-8745-46E4-BDD5-DB15C8EB179D}.Debug|x86.ActiveCfg = Debug|Win32
		{6BB5F7CB-8745-46E4-BDD5-DB15C8EB179D}.Debug|x86.Build.0 = Debug|Win32
		{6BB5F7CB-8745-46E4-BDD5-DB15C8EB179D}.Release|x64.ActiveCfg = Release|x64
		{6BB5F7CB-8745-46E4-BDD5-DB15C8EB179D}.Release|x64.Build.0 = Release|x64
		{6BB5F7CB-8745-46E4-BDD5-DB15C8EB179D}.Release|x86.ActiveCfg = Release|Win32
		{6BB5F7CB-8745-46E4-BDD5-DB15C8EB179D}.Release|x86.Build.0 = Release|Win32
		{CC89BC26-0658-4E8D-BD7A-EBCFB3924DD7}.Debug|x64.ActiveCfg = Debug|x64
		{CC89BC26-0658-4E8D-BD7A-EBCFB3924DD7}.Debug|x64.Build.0 = Debug|x64
		{CC89BC26-0658-4E8D-BD7A-EBCFB3924DD7}.Debug|x86.ActiveCfg = Debug|Win32
		{CC89BC26-0658-4E8D-BD7A-EBCFB3924DD7}.Debug|x86.Build.0 = Debug|Win32
		{CC89BC26-0658-4E8D-BD7A-EBCFB3924DD7}.Release|x64.ActiveCfg = Release|x64
		{CC89BC26-0658-4E8D-BD7A-EBCFB3924DD7}.Release|x64.Build.0 = Release|x64
		{CC89BC26-0658-4E8D-BD7A-EBCFB3924DD7}.Release|x86.ActiveCfg = Release|Win32
		{CC89BC26-0658-4E8D-BD7A-EBCFB3924DD7}.Release|x86.Build.0 = Release|Win32
		{3D1F65A1-F615-4567-AA9B-D544E8B43405}.Debug|x64.ActiveCfg = Debug|x64
		{3D1F65A1-F615-4567-AA9B-D544E8B43405}.Debug|x64.Build.0 = Debug|x64
		{3D1F65A1-F615-4567-AA9B-D544E8B43405}.Debug|x86.ActiveCfg = Debug|Win32
		{3D1F65A1-F615-4567-AA9B-D544E8B43405}.Debug|x86.Build.0 = Debug|Win32
		{3D1F65A1-F615-4567-AA9B-D544E8B43405}.Release|x64.ActiveCfg = Release|x64
		{3D1F65A1-F615-4567-AA9B-D544E8B43405}.Release|x64.Build.0 = Release|x64
		{3D1F65A1-F615-4567-AA9B-D544E8B43405}.Release|x86.ActiveCfg = Release|Win32
		{3D1F65A1-F615-4567-AA9B-D544E8B43405}.Release|x86.Build.0 = Release|Win32
		{EA687490-565E-4101-A0AA-59CA3C09B874}.Debug|x64.ActiveCfg = Debug|x64
		{EA687490-565E-4101-A0AA-59CA3C09B874}.Debug|x64.Build.0 = Debug|x64
		{EA687490-565E-4101-A0AA-59CA3C09B874}.Debug|x86.ActiveCfg = Debug|Win32
		{EA687490-565E-4101-A0AA-59CA3C09B874}.Debug|x86.Build.0 = Debug|Win32
		{EA687490-565E-4101-A0AA-59CA3C09B874}.Release|x64.ActiveCfg = Release|x64
		{EA687490-565E-4101-A0AA-59CA3C09B874}.Release|x64.Build.0 = Release|x64
		{EA687490-565E-4101-A0AA-59CA3C09B874}.Release|x86.ActiveCfg = Release|Win32
		{EA687490-565E-4101-A0AA-59CA3C09B874}.Release|x86.Build.0 = Release|Win32
		{39681B1A-D7CE-49DC-97F6-741166338D66}.Debug|x64.ActiveCfg = Debug|x64
		{39681B1A-D7CE-49DC-97F6-741166338D66}.Debug|x64.Build.0 = Debug|x64
		{39681B1A-D7CE-49DC-97F6-741166338D66}.Debug|x86.ActiveCfg = Debug|Win32
		{39681B1A-D7CE-49DC-97F6-741166338D66}.Debug|x86.Build.0 = Debug|Win32
		{39681B1A-D7CE-49DC-97F6-741166338D66}.Release|x64.ActiveCfg = Release|x64
		{39681B1A-D7CE-49DC-97F6-741166338D66}.Release|x64.Build.0 = Release|x64
		{39681B1A-D7CE-49DC-97F6-741166338D66}.Release|x86.ActiveCfg = Release|Win32
		{39681B1A-D7CE-49DC-97F6-741166338D66}.Release|x86.Build.0 = Release|Win32
		{8CF034C8-D4AF-4D7C-ADEB-D5FDEEE7D6F1}.Debug|x64.ActiveCfg = Debug|x64
		{8CF034C8-D4AF-4D7C-ADEB-D5FDEEE7D6F1}.Debug|x64.Build.0 = Debug|x64
		{8CF034C8-D4AF-4D7C-ADEB-D5FDEEE7D6F1}.Debug|x86.ActiveCfg = Debug|Win32
		{8CF034C8-D4AF-4D7C-ADEB-D5FDEEE7D6F1}.Debug|x86.Build.0 = Debug|Win32
		{8CF034C8-D4AF-4D7C-ADEB-D5FDEEE7D6F1}.Release|x64.ActiveCfg = Release|x64
		{8CF034C8-D4AF-4D7C-ADEB-D5FDEEE7D6F1}.Release|x64.Build.0 = Release|x64
		{8CF034C8-D4AF-4D7C-ADEB-D5FDEEE7D6F1}.Release|x86.ActiveCfg = Release|Win32
		{8CF034C8-D4AF-4D7C-ADEB-D5FDEEE7D6F1}.Release|x86.Build.0 = Release|Win32
		{D8595B7A-1DDF-482E-BA35-749089446484}.Debug|x64.ActiveCfg = Debug|x64
		{D8595B7A-1DDF-482E-BA35-749089446484}.Debug|x64.Build.0 = Debug|x64
		{D8595B7A-1DDF-482E-BA35-749089446484}.Debug|x86.ActiveCfg = Debug|Win32
		{D8595B7A-1DDF-482E-BA35-749089446484}.Debug|x86.Build.0 = Debug|Win32
		{D8595B7A-1DDF-482E-BA35-749089446484}.Release|x64.ActiveCfg = Release|x64
		{D8595B7A-1DDF-482E-BA35-749089446484}.Release|x64.Build.0 = Release|x64
		{D8595B7A-1DDF-482E-BA35-749089446484}.Release|x86.ActiveCfg = Release|Win32
		{D8595B7A-1DDF-482E-BA35-749089446484}.Release|x86.Build.0 = Release|Win32
		{90A272C0-1360-42FF-8CC7-30A39DD11DDF}.Debug|x64.ActiveCfg = Debug|x64
		{90A272C0-1360-42FF-8CC7-30A39DD11DDF}.Debug|x64.Build.0 = Debug|x64
		{90A272C0-1360-42FF-8CC7-30A39DD11DDF}.Debug|x86.ActiveCfg = Debug|Win32
		{90A272C0-1360-42FF-8CC7-30A39DD11DDF}.Debug|x86.Build.0 = Debug|Win32
		{90A272C0-1360-42FF-8CC7-30A39DD11DDF}.Release|x64.ActiveCfg = Release|x64
		{90A272C0-1360-42FF-8CC7-30A39DD11DDF}.Release|x64.Build.0 = Release|x64
		{90A272C0-1360-42FF-8CC7-30A39DD11DDF}.Release|x86.ActiveCfg = Release|Win32
		{90A272C0-1360-42FF-8CC7-30A39DD11DDF}.Release|x86.Build.0 = Release|Win32
		{096B7B63-EB89-4CE3-B874-C0FE452746B8}.Debug|x64.ActiveCfg = Debug|x64
		{096B7B63-EB89-4CE3-B874-C0FE452746B8}.Debug|x64.Build.0 = Debug|x64
		{096B7B63-EB89-4CE3-B874-C0FE452746B8}.Debug|x86.ActiveCfg = Debug|Win32
		{096B7B63-EB89-4CE3-B874-C0FE452746B8}.Debug|x86.Build.0 = Debug|Win32
		{096B7B63-EB89-4CE3-B874-C0FE452746B8}.Release|x64.ActiveCfg = Release|x64
		{096B7B63-EB89-4CE3-B874-C0FE452746B8}.Release|x64.Build.0 = Release|x64
		{096B7B63-EB89-4CE3-B874-C0FE452746B8}.Release|x86.ActiveCfg = Release|Win32
		{096B7B63-EB89-4CE3-B874-C0FE452746B8}.Release|x86.Build.0 = Release|Win32
		{EE007B77-2AC0-49EB-A739-57CA39A5FA09}.Debug|x64.ActiveCfg = Debug|x64
		{EE007B77-2AC0-49EB-A739-57CA39A5FA09}.Debug|x64.Build.0 = Debug|x64
		{EE007B77-2AC0-49EB-A739-57CA39A5FA09}.Debug|x86.ActiveCfg = Debug|Win32
		{EE007B77-2AC0-49EB-A739-57CA39A5FA09}.Debug|x86.Build.0 = Debug|Win32
		{EE007B77-2AC0-49EB-A739-57CA39A5FA09}.Release|x64.ActiveCfg = Release|x64
		{EE007B77-2AC0-49EB-A739-57CA39A5FA09}.Release|x64.Build.0 = Release|x64
		{EE007B77-2AC0-49EB-A739-57CA39A5FA09}.Release|x86.ActiveCfg = Release|Win32
		{EE007B77-2AC0-49EB-A739-57CA39A5FA09}.Release|x86.Build.0 = Release|Win32
		{87B08ED8-353C-4854-A087-CCADDF609C69}.Debug|x64.ActiveCfg = Debug|x64
		{87B08ED8-353C-4854-A087-CCADDF609C69}.Debug|x64.Build.0 = Debug|x64
		{87B08ED8-353C-4854-A087-CCADDF609C69}.Debug|x86.ActiveCfg = Debug|Win32
		{87B08ED8-353C-4854-A087-CCADDF609C69}.Debug|x86.Build.0 = Debug|Win32
		{87B08ED8-353C-4854-A087-CCADDF609C69}.Release|x64.ActiveCfg = Release|x64
		{87B08ED8-353C-4854-A087-CCADDF609C69}.Release|x64.Build.0 = Release|x64
		{87B08ED8-353C-4854-A087-CCADDF609C69}.Release|x86.ActiveCfg = Release|Win32
		{87B08ED8-353C-4854-A087-CCADDF609C69}.Release|x86.Build.0 = Release|Win32
		{22F8DE8A-4DEF-4923-8729-DD90B80B3D1B}.Debug|x64.ActiveCfg = Debug|x64
		{22F8DE8A-4DEF-4923-8729-DD90B80B3D1B}.Debug|x64.Build.0 = Debug|x64
		{22F8DE8A-4DEF-4923-8729-DD90B80B3D1B}.Debug|x86.ActiveCfg = Debug|Win32
		{22F8DE8A-4DEF-4923-8729-DD90B80B3D1B}.Debug|x86.Build.0 = Debug|Win32
		{22F8DE8A-4DEF-4923-8729-DD90B80B3D1B}.Release|x64.ActiveCfg = Release|x64
		{22F8DE8A-4DEF-4923-8729-DD90B80B3D1B}.Release|x64.Build.0 = Release|x64
		{22F8DE8A-4DEF-4923-8729-DD90B80B3D1B}.Release|x86.ActiveCfg = Release|Win32
		{22F8DE8A-4DEF-4923-8729-DD90B80B3D1B}.Release|x86.Build.0 = Release|Win32
		{34D18DC1-E168-4D65-B8D5-1C6D6CA460AD}.Debug|x64.ActiveCfg = Debug|x64
		{34D18DC1-E168-4D65-B8D5-1C6D6CA460AD}.Debug|x64.Build.0 = Debug|x64
		{34D18DC1-E168-4D65-B8D5-1C6D6CA460AD}.Debug|x86.ActiveCfg = Debug|Win32
		{34D18DC1-E168-4D65-B8D5-1C6D6CA460AD}.Debug|x86.Build.0 = Debug|Win32
		{34D18DC1-E168-4D65-B8D5-1C6D6CA460AD}.Release|x64.ActiveCfg = Release|x64
		{34D18DC1-E168-4D65-B8D5-1C6D6CA460AD}.Release|x64.Build.0 = Release|x64
		{34D18DC1-E168-4D65-B8D5-1C6D6CA460AD}.Release|x86.ActiveCfg = Release|Win32
		{34D18DC1-E168-4D65-B8D5-1C6D6CA460AD}.Release|x86.Build.0 = Release|Win32
	EndGlobalSection
	GlobalSection(SolutionProperties) = preSolution
		HideSolutionNode = FALSE
	EndGlobalSection
EndGlobal
